
Microsoft Visual Studio Solution File, Format Version 12.00
# Visual Studio 15
VisualStudioVersion = 15.0.27428.2037
MinimumVisualStudioVersion = 10.0.40219.1
Project("{2150E333-8FDC-42A3-9474-1A3956D46DE8}") = "Solution Items", "Solution Items", "{58A70B03-8917-4B13-A6FB-62E74F212A55}"
	ProjectSection(SolutionItems) = preProject
		.gitignore = .gitignore
	EndProjectSection
EndProject
Project("{FAE04EC0-301F-11D3-BF4B-00C04F79EFBC}") = "SmartRacer", "SmartRacer\SmartRacer.csproj", "{71FB10A6-7397-3E47-AED3-165F0CEF6EE7}"
	ProjectSection(ProjectDependencies) = postProject
		{5AE21163-376D-486B-A929-82577C06C37A} = {5AE21163-376D-486B-A929-82577C06C37A}
	EndProjectSection
EndProject
Project("{FAE04EC0-301F-11D3-BF4B-00C04F79EFBC}") = "NeuralNetwork", "NeuralNetwork\NeuralNetwork.csproj", "{5AE21163-376D-486B-A929-82577C06C37A}"
EndProject
Project("{FAE04EC0-301F-11D3-BF4B-00C04F79EFBC}") = "NNTest", "NNTest\NNTest.csproj", "{A4589AD9-9132-4187-AE62-1BC2E2358181}"
EndProject
Global
	GlobalSection(SolutionConfigurationPlatforms) = preSolution
		Debug|Any CPU = Debug|Any CPU
		Release|Any CPU = Release|Any CPU
	EndGlobalSection
	GlobalSection(ProjectConfigurationPlatforms) = postSolution
		{71FB10A6-7397-3E47-AED3-165F0CEF6EE7}.Debug|Any CPU.ActiveCfg = Debug|Any CPU
		{71FB10A6-7397-3E47-AED3-165F0CEF6EE7}.Debug|Any CPU.Build.0 = Debug|Any CPU
		{71FB10A6-7397-3E47-AED3-165F0CEF6EE7}.Release|Any CPU.ActiveCfg = Release|Any CPU
		{71FB10A6-7397-3E47-AED3-165F0CEF6EE7}.Release|Any CPU.Build.0 = Release|Any CPU
		{5AE21163-376D-486B-A929-82577C06C37A}.Debug|Any CPU.ActiveCfg = Debug|Any CPU
		{5AE21163-376D-486B-A929-82577C06C37A}.Debug|Any CPU.Build.0 = Debug|Any CPU
		{5AE21163-376D-486B-A929-82577C06C37A}.Release|Any CPU.ActiveCfg = Release|Any CPU
		{5AE21163-376D-486B-A929-82577C06C37A}.Release|Any CPU.Build.0 = Release|Any CPU
		{A4589AD9-9132-4187-AE62-1BC2E2358181}.Debug|Any CPU.ActiveCfg = Debug|Any CPU
		{A4589AD9-9132-4187-AE62-1BC2E2358181}.Debug|Any CPU.Build.0 = Debug|Any CPU
		{A4589AD9-9132-4187-AE62-1BC2E2358181}.Release|Any CPU.ActiveCfg = Release|Any CPU
		{A4589AD9-9132-4187-AE62-1BC2E2358181}.Release|Any CPU.Build.0 = Release|Any CPU
	EndGlobalSection
	GlobalSection(SolutionProperties) = preSolution
		HideSolutionNode = FALSE
	EndGlobalSection
	GlobalSection(ExtensibilityGlobals) = postSolution
		SolutionGuid = {7116362D-6386-49A3-8AD7-358D92E2151B}
	EndGlobalSection
EndGlobal
