
Microsoft Visual Studio Solution File, Format Version 12.00
# Visual Studio 15
VisualStudioVersion = 15.0.27428.2037
MinimumVisualStudioVersion = 10.0.40219.1
Project("{FAE04EC0-301F-11D3-BF4B-00C04F79EFBC}") = "NeuralNetwork", "NeuralNetwork\NeuralNetwork.csproj", "{9CD23CFA-8CA0-4B17-9F3D-BFD72811C5F7}"
EndProject
Project("{2150E333-8FDC-42A3-9474-1A3956D46DE8}") = "Solution Items", "Solution Items", "{58A70B03-8917-4B13-A6FB-62E74F212A55}"
EndProject
Global
	GlobalSection(SolutionConfigurationPlatforms) = preSolution
		Debug|Any CPU = Debug|Any CPU
		Release|Any CPU = Release|Any CPU
	EndGlobalSection
	GlobalSection(ProjectConfigurationPlatforms) = postSolution
		{9CD23CFA-8CA0-4B17-9F3D-BFD72811C5F7}.Debug|Any CPU.ActiveCfg = Debug|Any CPU
		{9CD23CFA-8CA0-4B17-9F3D-BFD72811C5F7}.Debug|Any CPU.Build.0 = Debug|Any CPU
		{9CD23CFA-8CA0-4B17-9F3D-BFD72811C5F7}.Release|Any CPU.ActiveCfg = Release|Any CPU
		{9CD23CFA-8CA0-4B17-9F3D-BFD72811C5F7}.Release|Any CPU.Build.0 = Release|Any CPU
	EndGlobalSection
	GlobalSection(SolutionProperties) = preSolution
		HideSolutionNode = FALSE
	EndGlobalSection
	GlobalSection(ExtensibilityGlobals) = postSolution
		SolutionGuid = {7116362D-6386-49A3-8AD7-358D92E2151B}
	EndGlobalSection
EndGlobal
